# This file is generated by running "yarn install" inside your project.
# Manual changes might be lost - proceed with caution!

__metadata:
  version: 8
  cacheKey: 10

"@adobe/css-tools@npm:^4.4.0":
  version: 4.4.3
  resolution: "@adobe/css-tools@npm:4.4.3"
  checksum: 10/701379c514b7a43ca6681705a93cd57ad79565cfef9591122e9499897550cf324a5e5bb1bc51df0e7433cf0e91b962c90f18ac459dcc98b2431daa04aa63cb20
  languageName: node
  linkType: hard

"@babel/code-frame@npm:^7.10.4":
  version: 7.27.1
  resolution: "@babel/code-frame@npm:7.27.1"
  dependencies:
    "@babel/helper-validator-identifier": "npm:^7.27.1"
    js-tokens: "npm:^4.0.0"
    picocolors: "npm:^1.1.1"
  checksum: 10/721b8a6e360a1fa0f1c9fe7351ae6c874828e119183688b533c477aa378f1010f37cc9afbfc4722c686d1f5cdd00da02eab4ba7278a0c504fa0d7a321dcd4fdf
  languageName: node
  linkType: hard

"@babel/helper-validator-identifier@npm:^7.27.1":
  version: 7.27.1
  resolution: "@babel/helper-validator-identifier@npm:7.27.1"
  checksum: 10/75041904d21bdc0cd3b07a8ac90b11d64cd3c881e89cb936fa80edd734bf23c35e6bd1312611e8574c4eab1f3af0f63e8a5894f4699e9cfdf70c06fcf4252320
  languageName: node
  linkType: hard

"@babel/runtime@npm:^7.12.5":
  version: 7.21.0
  resolution: "@babel/runtime@npm:7.21.0"
  dependencies:
    regenerator-runtime: "npm:^0.13.11"
  checksum: 10/35acd166298d57d14444396c33b3f0b76dbb82fd7440f38aa1605beb2ec9743a693b21730b4de4b85eaf36b0fc94c94bb0ebcd80e05409c36b24da27d458ba41
  languageName: node
  linkType: hard

"@emnapi/runtime@npm:^1.4.3":
  version: 1.4.3
  resolution: "@emnapi/runtime@npm:1.4.3"
  dependencies:
    tslib: "npm:^2.4.0"
  checksum: 10/4f90852a1a5912982cc4e176b6420556971bcf6a85ee23e379e2455066d616219751367dcf43e6a6eaf41ea7e95ba9dc830665a52b5d979dfe074237d19578f8
  languageName: node
  linkType: hard

"@img/sharp-darwin-arm64@npm:0.34.2":
  version: 0.34.2
  resolution: "@img/sharp-darwin-arm64@npm:0.34.2"
  dependencies:
    "@img/sharp-libvips-darwin-arm64": "npm:1.1.0"
  dependenciesMeta:
    "@img/sharp-libvips-darwin-arm64":
      optional: true
  conditions: os=darwin & cpu=arm64
  languageName: node
  linkType: hard

"@img/sharp-darwin-x64@npm:0.34.2":
  version: 0.34.2
  resolution: "@img/sharp-darwin-x64@npm:0.34.2"
  dependencies:
    "@img/sharp-libvips-darwin-x64": "npm:1.1.0"
  dependenciesMeta:
    "@img/sharp-libvips-darwin-x64":
      optional: true
  conditions: os=darwin & cpu=x64
  languageName: node
  linkType: hard

"@img/sharp-libvips-darwin-arm64@npm:1.1.0":
  version: 1.1.0
  resolution: "@img/sharp-libvips-darwin-arm64@npm:1.1.0"
  conditions: os=darwin & cpu=arm64
  languageName: node
  linkType: hard

"@img/sharp-libvips-darwin-x64@npm:1.1.0":
  version: 1.1.0
  resolution: "@img/sharp-libvips-darwin-x64@npm:1.1.0"
  conditions: os=darwin & cpu=x64
  languageName: node
  linkType: hard

"@img/sharp-libvips-linux-arm64@npm:1.1.0":
  version: 1.1.0
  resolution: "@img/sharp-libvips-linux-arm64@npm:1.1.0"
  conditions: os=linux & cpu=arm64 & libc=glibc
  languageName: node
  linkType: hard

"@img/sharp-libvips-linux-arm@npm:1.1.0":
  version: 1.1.0
  resolution: "@img/sharp-libvips-linux-arm@npm:1.1.0"
  conditions: os=linux & cpu=arm & libc=glibc
  languageName: node
  linkType: hard

"@img/sharp-libvips-linux-ppc64@npm:1.1.0":
  version: 1.1.0
  resolution: "@img/sharp-libvips-linux-ppc64@npm:1.1.0"
  conditions: os=linux & cpu=ppc64 & libc=glibc
  languageName: node
  linkType: hard

"@img/sharp-libvips-linux-s390x@npm:1.1.0":
  version: 1.1.0
  resolution: "@img/sharp-libvips-linux-s390x@npm:1.1.0"
  conditions: os=linux & cpu=s390x & libc=glibc
  languageName: node
  linkType: hard

"@img/sharp-libvips-linux-x64@npm:1.1.0":
  version: 1.1.0
  resolution: "@img/sharp-libvips-linux-x64@npm:1.1.0"
  conditions: os=linux & cpu=x64 & libc=glibc
  languageName: node
  linkType: hard

"@img/sharp-libvips-linuxmusl-arm64@npm:1.1.0":
  version: 1.1.0
  resolution: "@img/sharp-libvips-linuxmusl-arm64@npm:1.1.0"
  conditions: os=linux & cpu=arm64 & libc=musl
  languageName: node
  linkType: hard

"@img/sharp-libvips-linuxmusl-x64@npm:1.1.0":
  version: 1.1.0
  resolution: "@img/sharp-libvips-linuxmusl-x64@npm:1.1.0"
  conditions: os=linux & cpu=x64 & libc=musl
  languageName: node
  linkType: hard

"@img/sharp-linux-arm64@npm:0.34.2":
  version: 0.34.2
  resolution: "@img/sharp-linux-arm64@npm:0.34.2"
  dependencies:
    "@img/sharp-libvips-linux-arm64": "npm:1.1.0"
  dependenciesMeta:
    "@img/sharp-libvips-linux-arm64":
      optional: true
  conditions: os=linux & cpu=arm64 & libc=glibc
  languageName: node
  linkType: hard

"@img/sharp-linux-arm@npm:0.34.2":
  version: 0.34.2
  resolution: "@img/sharp-linux-arm@npm:0.34.2"
  dependencies:
    "@img/sharp-libvips-linux-arm": "npm:1.1.0"
  dependenciesMeta:
    "@img/sharp-libvips-linux-arm":
      optional: true
  conditions: os=linux & cpu=arm & libc=glibc
  languageName: node
  linkType: hard

"@img/sharp-linux-s390x@npm:0.34.2":
  version: 0.34.2
  resolution: "@img/sharp-linux-s390x@npm:0.34.2"
  dependencies:
    "@img/sharp-libvips-linux-s390x": "npm:1.1.0"
  dependenciesMeta:
    "@img/sharp-libvips-linux-s390x":
      optional: true
  conditions: os=linux & cpu=s390x & libc=glibc
  languageName: node
  linkType: hard

"@img/sharp-linux-x64@npm:0.34.2":
  version: 0.34.2
  resolution: "@img/sharp-linux-x64@npm:0.34.2"
  dependencies:
    "@img/sharp-libvips-linux-x64": "npm:1.1.0"
  dependenciesMeta:
    "@img/sharp-libvips-linux-x64":
      optional: true
  conditions: os=linux & cpu=x64 & libc=glibc
  languageName: node
  linkType: hard

"@img/sharp-linuxmusl-arm64@npm:0.34.2":
  version: 0.34.2
  resolution: "@img/sharp-linuxmusl-arm64@npm:0.34.2"
  dependencies:
    "@img/sharp-libvips-linuxmusl-arm64": "npm:1.1.0"
  dependenciesMeta:
    "@img/sharp-libvips-linuxmusl-arm64":
      optional: true
  conditions: os=linux & cpu=arm64 & libc=musl
  languageName: node
  linkType: hard

"@img/sharp-linuxmusl-x64@npm:0.34.2":
  version: 0.34.2
  resolution: "@img/sharp-linuxmusl-x64@npm:0.34.2"
  dependencies:
    "@img/sharp-libvips-linuxmusl-x64": "npm:1.1.0"
  dependenciesMeta:
    "@img/sharp-libvips-linuxmusl-x64":
      optional: true
  conditions: os=linux & cpu=x64 & libc=musl
  languageName: node
  linkType: hard

"@img/sharp-wasm32@npm:0.34.2":
  version: 0.34.2
  resolution: "@img/sharp-wasm32@npm:0.34.2"
  dependencies:
    "@emnapi/runtime": "npm:^1.4.3"
  conditions: cpu=wasm32
  languageName: node
  linkType: hard

"@img/sharp-win32-arm64@npm:0.34.2":
  version: 0.34.2
  resolution: "@img/sharp-win32-arm64@npm:0.34.2"
  conditions: os=win32 & cpu=arm64
  languageName: node
  linkType: hard

"@img/sharp-win32-ia32@npm:0.34.2":
  version: 0.34.2
  resolution: "@img/sharp-win32-ia32@npm:0.34.2"
  conditions: os=win32 & cpu=ia32
  languageName: node
  linkType: hard

"@img/sharp-win32-x64@npm:0.34.2":
  version: 0.34.2
  resolution: "@img/sharp-win32-x64@npm:0.34.2"
  conditions: os=win32 & cpu=x64
  languageName: node
  linkType: hard

"@next/env@npm:15.3.5":
  version: 15.3.5
  resolution: "@next/env@npm:15.3.5"
  checksum: 10/fd69b1f8136ced50c996372a859adfdd95b837993f27b74ce8e38774682cf642bcd3b1cb72006e6acbfb5a9f2dae979b7df3b64ea050e0d142728f267da51b8d
  languageName: node
  linkType: hard

"@next/swc-darwin-arm64@npm:15.3.5":
  version: 15.3.5
  resolution: "@next/swc-darwin-arm64@npm:15.3.5"
  conditions: os=darwin & cpu=arm64
  languageName: node
  linkType: hard

"@next/swc-darwin-x64@npm:15.3.5":
  version: 15.3.5
  resolution: "@next/swc-darwin-x64@npm:15.3.5"
  conditions: os=darwin & cpu=x64
  languageName: node
  linkType: hard

"@next/swc-linux-arm64-gnu@npm:15.3.5":
  version: 15.3.5
  resolution: "@next/swc-linux-arm64-gnu@npm:15.3.5"
  conditions: os=linux & cpu=arm64 & libc=glibc
  languageName: node
  linkType: hard

"@next/swc-linux-arm64-musl@npm:15.3.5":
  version: 15.3.5
  resolution: "@next/swc-linux-arm64-musl@npm:15.3.5"
  conditions: os=linux & cpu=arm64 & libc=musl
  languageName: node
  linkType: hard

"@next/swc-linux-x64-gnu@npm:15.3.5":
  version: 15.3.5
  resolution: "@next/swc-linux-x64-gnu@npm:15.3.5"
  conditions: os=linux & cpu=x64 & libc=glibc
  languageName: node
  linkType: hard

"@next/swc-linux-x64-musl@npm:15.3.5":
  version: 15.3.5
  resolution: "@next/swc-linux-x64-musl@npm:15.3.5"
  conditions: os=linux & cpu=x64 & libc=musl
  languageName: node
  linkType: hard

"@next/swc-win32-arm64-msvc@npm:15.3.5":
  version: 15.3.5
  resolution: "@next/swc-win32-arm64-msvc@npm:15.3.5"
  conditions: os=win32 & cpu=arm64
  languageName: node
  linkType: hard

"@next/swc-win32-x64-msvc@npm:15.3.5":
  version: 15.3.5
  resolution: "@next/swc-win32-x64-msvc@npm:15.3.5"
  conditions: os=win32 & cpu=x64
  languageName: node
  linkType: hard

"@swc/counter@npm:0.1.3":
  version: 0.1.3
  resolution: "@swc/counter@npm:0.1.3"
  checksum: 10/df8f9cfba9904d3d60f511664c70d23bb323b3a0803ec9890f60133954173047ba9bdeabce28cd70ba89ccd3fd6c71c7b0bd58be85f611e1ffbe5d5c18616598
  languageName: node
  linkType: hard

"@swc/helpers@npm:0.5.15":
  version: 0.5.15
  resolution: "@swc/helpers@npm:0.5.15"
  dependencies:
    tslib: "npm:^2.8.0"
  checksum: 10/e3f32c6deeecfb0fa3f22edff03a7b358e7ce16d27b0f1c8b5cdc3042c5c4ce4da6eac0b781ab7cc4f54696ece657467d56734fb26883439fb00017385364c4c
  languageName: node
  linkType: hard

"@testing-library/dom@npm:^10.4.0":
  version: 10.4.0
  resolution: "@testing-library/dom@npm:10.4.0"
  dependencies:
    "@babel/code-frame": "npm:^7.10.4"
    "@babel/runtime": "npm:^7.12.5"
    "@types/aria-query": "npm:^5.0.1"
    aria-query: "npm:5.3.0"
    chalk: "npm:^4.1.0"
    dom-accessibility-api: "npm:^0.5.9"
    lz-string: "npm:^1.5.0"
    pretty-format: "npm:^27.0.2"
  checksum: 10/05825ee9a15b88cbdae12c137db7111c34069ed3c7a1bd03b6696cb1b37b29f6f2d2de581ebf03033e7df1ab7ebf08399310293f440a4845d95c02c0a9ecc899
  languageName: node
  linkType: hard

"@testing-library/jest-dom@npm:^6.6.3":
  version: 6.6.3
  resolution: "@testing-library/jest-dom@npm:6.6.3"
  dependencies:
    "@adobe/css-tools": "npm:^4.4.0"
    aria-query: "npm:^5.0.0"
    chalk: "npm:^3.0.0"
    css.escape: "npm:^1.5.1"
    dom-accessibility-api: "npm:^0.6.3"
    lodash: "npm:^4.17.21"
    redent: "npm:^3.0.0"
  checksum: 10/1f3427e45870eab9dcc59d6504b780d4a595062fe1687762ae6e67d06a70bf439b40ab64cf58cbace6293a99e3764d4647fdc8300a633b721764f5ce39dade18
  languageName: node
  linkType: hard

"@testing-library/react@npm:^16.3.0":
  version: 16.3.0
  resolution: "@testing-library/react@npm:16.3.0"
  dependencies:
    "@babel/runtime": "npm:^7.12.5"
  peerDependencies:
    "@testing-library/dom": ^10.0.0
    "@types/react": ^18.0.0 || ^19.0.0
    "@types/react-dom": ^18.0.0 || ^19.0.0
    react: ^18.0.0 || ^19.0.0
    react-dom: ^18.0.0 || ^19.0.0
  peerDependenciesMeta:
    "@types/react":
      optional: true
    "@types/react-dom":
      optional: true
  checksum: 10/0ee9e31dd0d2396a924682d0e61a4ecc6bfab8eaff23dbf8a72c3c2ce22c116fa578148baeb4de75b968ef99d22e6e6aa0a00dba40286f71184918bb6bb5b06a
  languageName: node
  linkType: hard

"@types/aria-query@npm:^5.0.1":
  version: 5.0.4
  resolution: "@types/aria-query@npm:5.0.4"
  checksum: 10/c0084c389dc030daeaf0115a92ce43a3f4d42fc8fef2d0e22112d87a42798d4a15aac413019d4a63f868327d52ad6740ab99609462b442fe6b9286b172d2e82e
  languageName: node
  linkType: hard

"@types/node@npm:24.0.10":
  version: 24.0.10
  resolution: "@types/node@npm:24.0.10"
  dependencies:
    undici-types: "npm:~7.8.0"
  checksum: 10/ff8921c515d72fbc0a11ff282096e2d2e11ac04a2e9c7f765bcec5cb69cd367a88ab5dd556dc162ac98b9212957939b7ae80f12f3fc90db10c82135affd6d120
  languageName: node
  linkType: hard

"@types/react-dom@npm:19.1.6":
  version: 19.1.6
  resolution: "@types/react-dom@npm:19.1.6"
  peerDependencies:
    "@types/react": ^19.0.0
  checksum: 10/b5b20b7f0797f34c5a11915b74dcf8b3b7a9da9fea90279975ce6f150ca5d31bb069dbb0838638a5e9e168098aa4bb4a6f61d078efa1bbb55d7f0bdfe47bb142
  languageName: node
  linkType: hard

"@types/react@npm:19.1.8":
  version: 19.1.8
  resolution: "@types/react@npm:19.1.8"
  dependencies:
    csstype: "npm:^3.0.2"
  checksum: 10/a3e6fe0f60f22828ef887f30993aa147b71532d7b1219dd00d246277eb7a9ca01ec533096237fa21ca1bccb3653373b4e8e59e5ae59f9c793058384bbc1f4d5c
  languageName: node
  linkType: hard

"ansi-regex@npm:^5.0.1":
  version: 5.0.1
  resolution: "ansi-regex@npm:5.0.1"
  checksum: 10/2aa4bb54caf2d622f1afdad09441695af2a83aa3fe8b8afa581d205e57ed4261c183c4d3877cee25794443fde5876417d859c108078ab788d6af7e4fe52eb66b
  languageName: node
  linkType: hard

"ansi-styles@npm:^4.1.0":
  version: 4.3.0
  resolution: "ansi-styles@npm:4.3.0"
  dependencies:
    color-convert: "npm:^2.0.1"
  checksum: 10/b4494dfbfc7e4591b4711a396bd27e540f8153914123dccb4cdbbcb514015ada63a3809f362b9d8d4f6b17a706f1d7bea3c6f974b15fa5ae76b5b502070889ff
  languageName: node
  linkType: hard

"ansi-styles@npm:^5.0.0":
  version: 5.2.0
  resolution: "ansi-styles@npm:5.2.0"
  checksum: 10/d7f4e97ce0623aea6bc0d90dcd28881ee04cba06c570b97fd3391bd7a268eedfd9d5e2dd4fdcbdd82b8105df5faf6f24aaedc08eaf3da898e702db5948f63469
  languageName: node
  linkType: hard

"aria-query@npm:5.3.0":
  version: 5.3.0
  resolution: "aria-query@npm:5.3.0"
  dependencies:
    dequal: "npm:^2.0.3"
  checksum: 10/c3e1ed127cc6886fea4732e97dd6d3c3938e64180803acfb9df8955517c4943760746ffaf4020ce8f7ffaa7556a3b5f85c3769a1f5ca74a1288e02d042f9ae4e
  languageName: node
  linkType: hard

"aria-query@npm:^5.0.0":
  version: 5.1.3
  resolution: "aria-query@npm:5.1.3"
  dependencies:
    deep-equal: "npm:^2.0.5"
  checksum: 10/e5da608a7c4954bfece2d879342b6c218b6b207e2d9e5af270b5e38ef8418f02d122afdc948b68e32649b849a38377785252059090d66fa8081da95d1609c0d2
  languageName: node
  linkType: hard

"available-typed-arrays@npm:^1.0.5":
  version: 1.0.5
  resolution: "available-typed-arrays@npm:1.0.5"
  checksum: 10/4d4d5e86ea0425696f40717882f66a570647b94ac8d273ddc7549a9b61e5da099e149bf431530ccbd776bd74e02039eb8b5edf426e3e2211ee61af16698a9064
  languageName: node
  linkType: hard

"busboy@npm:1.6.0":
  version: 1.6.0
  resolution: "busboy@npm:1.6.0"
  dependencies:
    streamsearch: "npm:^1.1.0"
  checksum: 10/bee10fa10ea58e7e3e7489ffe4bda6eacd540a17de9f9cd21cc37e297b2dd9fe52b2715a5841afaec82900750d810d01d7edb4b2d456427f449b92b417579763
  languageName: node
  linkType: hard

"call-bind@npm:^1.0.0, call-bind@npm:^1.0.2":
  version: 1.0.2
  resolution: "call-bind@npm:1.0.2"
  dependencies:
    function-bind: "npm:^1.1.1"
    get-intrinsic: "npm:^1.0.2"
  checksum: 10/ca787179c1cbe09e1697b56ad499fd05dc0ae6febe5081d728176ade699ea6b1589240cb1ff1fe11fcf9f61538c1af60ad37e8eb2ceb4ef21cd6085dfd3ccedd
  languageName: node
  linkType: hard

"caniuse-lite@npm:^1.0.30001579":
  version: 1.0.30001727
  resolution: "caniuse-lite@npm:1.0.30001727"
  checksum: 10/6155a4141332c337d6317325bea58a09036a65f45bd9bd834ec38978b40c27d214baa04d25b21a5661664f3fbd00cb830e2bdb7eee8df09970bdd98a71f4dabf
  languageName: node
  linkType: hard

"chalk@npm:^3.0.0":
  version: 3.0.0
  resolution: "chalk@npm:3.0.0"
  dependencies:
    ansi-styles: "npm:^4.1.0"
    supports-color: "npm:^7.1.0"
  checksum: 10/37f90b31fd655fb49c2bd8e2a68aebefddd64522655d001ef417e6f955def0ed9110a867ffc878a533f2dafea5f2032433a37c8a7614969baa7f8a1cd424ddfc
  languageName: node
  linkType: hard

"chalk@npm:^4.1.0":
  version: 4.1.2
  resolution: "chalk@npm:4.1.2"
  dependencies:
    ansi-styles: "npm:^4.1.0"
    supports-color: "npm:^7.1.0"
  checksum: 10/cb3f3e594913d63b1814d7ca7c9bafbf895f75fbf93b92991980610dfd7b48500af4e3a5d4e3a8f337990a96b168d7eb84ee55efdce965e2ee8efc20f8c8f139
  languageName: node
  linkType: hard

"client-only@npm:0.0.1":
  version: 0.0.1
  resolution: "client-only@npm:0.0.1"
  checksum: 10/0c16bf660dadb90610553c1d8946a7fdfb81d624adea073b8440b7d795d5b5b08beb3c950c6a2cf16279365a3265158a236876d92bce16423c485c322d7dfaf8
  languageName: node
  linkType: hard

"color-convert@npm:^2.0.1":
  version: 2.0.1
  resolution: "color-convert@npm:2.0.1"
  dependencies:
    color-name: "npm:~1.1.4"
  checksum: 10/fa00c91b4332b294de06b443923246bccebe9fab1b253f7fe1772d37b06a2269b4039a85e309abe1fe11b267b11c08d1d0473fda3badd6167f57313af2887a64
  languageName: node
  linkType: hard

"color-name@npm:^1.0.0, color-name@npm:~1.1.4":
  version: 1.1.4
  resolution: "color-name@npm:1.1.4"
  checksum: 10/b0445859521eb4021cd0fb0cc1a75cecf67fceecae89b63f62b201cca8d345baf8b952c966862a9d9a2632987d4f6581f0ec8d957dfacece86f0a7919316f610
  languageName: node
  linkType: hard

"color-string@npm:^1.9.0":
  version: 1.9.1
  resolution: "color-string@npm:1.9.1"
  dependencies:
    color-name: "npm:^1.0.0"
    simple-swizzle: "npm:^0.2.2"
  checksum: 10/72aa0b81ee71b3f4fb1ac9cd839cdbd7a011a7d318ef58e6cb13b3708dca75c7e45029697260488709f1b1c7ac4e35489a87e528156c1e365917d1c4ccb9b9cd
  languageName: node
  linkType: hard

"color@npm:^4.2.3":
  version: 4.2.3
  resolution: "color@npm:4.2.3"
  dependencies:
    color-convert: "npm:^2.0.1"
    color-string: "npm:^1.9.0"
  checksum: 10/b23f5e500a79ea22428db43d1a70642d983405c0dd1f95ef59dbdb9ba66afbb4773b334fa0b75bb10b0552fd7534c6b28d4db0a8b528f91975976e70973c0152
  languageName: node
  linkType: hard

"css.escape@npm:^1.5.1":
  version: 1.5.1
  resolution: "css.escape@npm:1.5.1"
  checksum: 10/f6d38088d870a961794a2580b2b2af1027731bb43261cfdce14f19238a88664b351cc8978abc20f06cc6bbde725699dec8deb6fe9816b139fc3f2af28719e774
  languageName: node
  linkType: hard

"csstype@npm:^3.0.2":
  version: 3.1.2
  resolution: "csstype@npm:3.1.2"
  checksum: 10/1f39c541e9acd9562996d88bc9fb62d1cb234786ef11ed275567d4b2bd82e1ceacde25debc8de3d3b4871ae02c2933fa02614004c97190711caebad6347debc2
  languageName: node
  linkType: hard

"deep-equal@npm:^2.0.5":
  version: 2.2.0
  resolution: "deep-equal@npm:2.2.0"
  dependencies:
    call-bind: "npm:^1.0.2"
    es-get-iterator: "npm:^1.1.2"
    get-intrinsic: "npm:^1.1.3"
    is-arguments: "npm:^1.1.1"
    is-array-buffer: "npm:^3.0.1"
    is-date-object: "npm:^1.0.5"
    is-regex: "npm:^1.1.4"
    is-shared-array-buffer: "npm:^1.0.2"
    isarray: "npm:^2.0.5"
    object-is: "npm:^1.1.5"
    object-keys: "npm:^1.1.1"
    object.assign: "npm:^4.1.4"
    regexp.prototype.flags: "npm:^1.4.3"
    side-channel: "npm:^1.0.4"
    which-boxed-primitive: "npm:^1.0.2"
    which-collection: "npm:^1.0.1"
    which-typed-array: "npm:^1.1.9"
  checksum: 10/c59f1ca67546e25b57ee66806b966e605be825ec22f5fbf30663e6b5ce4e1b43519c601f8282e10837d9c71d0136ddee5917dbfd0da1b11654dcfea6f0557ee3
  languageName: node
  linkType: hard

"define-properties@npm:^1.1.3, define-properties@npm:^1.1.4":
  version: 1.2.0
  resolution: "define-properties@npm:1.2.0"
  dependencies:
    has-property-descriptors: "npm:^1.0.0"
    object-keys: "npm:^1.1.1"
  checksum: 10/e60aee6a19b102df4e2b1f301816804e81ab48bb91f00d0d935f269bf4b3f79c88b39e4f89eaa132890d23267335fd1140dfcd8d5ccd61031a0a2c41a54e33a6
  languageName: node
  linkType: hard

"dequal@npm:^2.0.3":
  version: 2.0.3
  resolution: "dequal@npm:2.0.3"
  checksum: 10/6ff05a7561f33603df87c45e389c9ac0a95e3c056be3da1a0c4702149e3a7f6fe5ffbb294478687ba51a9e95f3a60e8b6b9005993acd79c292c7d15f71964b6b
  languageName: node
  linkType: hard

"detect-libc@npm:^2.0.4":
  version: 2.0.4
  resolution: "detect-libc@npm:2.0.4"
  checksum: 10/136e995f8c5ffbc515955b0175d441b967defd3d5f2268e89fa695e9c7170d8bed17993e31a34b04f0fad33d844a3a598e0fd519a8e9be3cad5f67662d96fee0
  languageName: node
  linkType: hard

"dom-accessibility-api@npm:^0.5.9":
  version: 0.5.16
  resolution: "dom-accessibility-api@npm:0.5.16"
  checksum: 10/377b4a7f9eae0a5d72e1068c369c99e0e4ca17fdfd5219f3abd32a73a590749a267475a59d7b03a891f9b673c27429133a818c44b2e47e32fec024b34274e2ca
  languageName: node
  linkType: hard

"dom-accessibility-api@npm:^0.6.3":
  version: 0.6.3
  resolution: "dom-accessibility-api@npm:0.6.3"
  checksum: 10/83d3371f8226487fbad36e160d44f1d9017fb26d46faba6a06fcad15f34633fc827b8c3e99d49f71d5f3253d866e2131826866fd0a3c86626f8eccfc361881ff
  languageName: node
  linkType: hard

"es-get-iterator@npm:^1.1.2":
  version: 1.1.3
  resolution: "es-get-iterator@npm:1.1.3"
  dependencies:
    call-bind: "npm:^1.0.2"
    get-intrinsic: "npm:^1.1.3"
    has-symbols: "npm:^1.0.3"
    is-arguments: "npm:^1.1.1"
    is-map: "npm:^2.0.2"
    is-set: "npm:^2.0.2"
    is-string: "npm:^1.0.7"
    isarray: "npm:^2.0.5"
    stop-iteration-iterator: "npm:^1.0.0"
  checksum: 10/bc2194befbe55725f9489098626479deee3c801eda7e83ce0dff2eb266a28dc808edb9b623ff01d31ebc1328f09d661333d86b601036692c2e3c1a6942319433
  languageName: node
  linkType: hard

"for-each@npm:^0.3.3":
  version: 0.3.3
  resolution: "for-each@npm:0.3.3"
  dependencies:
    is-callable: "npm:^1.1.3"
  checksum: 10/fdac0cde1be35610bd635ae958422e8ce0cc1313e8d32ea6d34cfda7b60850940c1fd07c36456ad76bd9c24aef6ff5e03b02beb58c83af5ef6c968a64eada676
  languageName: node
  linkType: hard

"function-bind@npm:^1.1.1":
  version: 1.1.1
  resolution: "function-bind@npm:1.1.1"
  checksum: 10/d83f2968030678f0b8c3f2183d63dcd969344eb8b55b4eb826a94ccac6de8b87c95bebffda37a6386c74f152284eb02956ff2c496897f35d32bdc2628ac68ac5
  languageName: node
  linkType: hard

"functions-have-names@npm:^1.2.2":
  version: 1.2.3
  resolution: "functions-have-names@npm:1.2.3"
  checksum: 10/0ddfd3ed1066a55984aaecebf5419fbd9344a5c38dd120ffb0739fac4496758dcf371297440528b115e4367fc46e3abc86a2cc0ff44612181b175ae967a11a05
  languageName: node
  linkType: hard

"get-intrinsic@npm:^1.0.2, get-intrinsic@npm:^1.1.1, get-intrinsic@npm:^1.1.3, get-intrinsic@npm:^1.2.0":
  version: 1.2.0
  resolution: "get-intrinsic@npm:1.2.0"
  dependencies:
    function-bind: "npm:^1.1.1"
    has: "npm:^1.0.3"
    has-symbols: "npm:^1.0.3"
  checksum: 10/f57c5fe67a96adace4f8e80c288728bcd0ccfdc82c9cc53e4a5ef1ec857b5f7ef4b1c289e39649b1df226bace81103630bf7e128c821f82cd603450036e54f97
  languageName: node
  linkType: hard

"gopd@npm:^1.0.1":
  version: 1.0.1
  resolution: "gopd@npm:1.0.1"
  dependencies:
    get-intrinsic: "npm:^1.1.3"
  checksum: 10/5fbc7ad57b368ae4cd2f41214bd947b045c1a4be2f194a7be1778d71f8af9dbf4004221f3b6f23e30820eb0d052b4f819fe6ebe8221e2a3c6f0ee4ef173421ca
  languageName: node
  linkType: hard

"has-bigints@npm:^1.0.1":
  version: 1.0.2
  resolution: "has-bigints@npm:1.0.2"
  checksum: 10/4e0426c900af034d12db14abfece02ce7dbf53f2022d28af1a97913ff4c07adb8799476d57dc44fbca0e07d1dbda2a042c2928b1f33d3f09c15de0640a7fb81b
  languageName: node
  linkType: hard

"has-flag@npm:^4.0.0":
  version: 4.0.0
  resolution: "has-flag@npm:4.0.0"
  checksum: 10/261a1357037ead75e338156b1f9452c016a37dcd3283a972a30d9e4a87441ba372c8b81f818cd0fbcd9c0354b4ae7e18b9e1afa1971164aef6d18c2b6095a8ad
  languageName: node
  linkType: hard

"has-property-descriptors@npm:^1.0.0":
  version: 1.0.0
  resolution: "has-property-descriptors@npm:1.0.0"
  dependencies:
    get-intrinsic: "npm:^1.1.1"
  checksum: 10/a6d3f0a266d0294d972e354782e872e2fe1b6495b321e6ef678c9b7a06a40408a6891817350c62e752adced73a94ac903c54734fee05bf65b1905ee1368194bb
  languageName: node
  linkType: hard

"has-symbols@npm:^1.0.2, has-symbols@npm:^1.0.3":
  version: 1.0.3
  resolution: "has-symbols@npm:1.0.3"
  checksum: 10/464f97a8202a7690dadd026e6d73b1ceeddd60fe6acfd06151106f050303eaa75855aaa94969df8015c11ff7c505f196114d22f7386b4a471038da5874cf5e9b
  languageName: node
  linkType: hard

"has-tostringtag@npm:^1.0.0":
  version: 1.0.0
  resolution: "has-tostringtag@npm:1.0.0"
  dependencies:
    has-symbols: "npm:^1.0.2"
  checksum: 10/95546e7132efc895a9ae64a8a7cf52588601fc3d52e0304ed228f336992cdf0baaba6f3519d2655e560467db35a1ed79f6420c286cc91a13aa0647a31ed92570
  languageName: node
  linkType: hard

"has@npm:^1.0.3":
  version: 1.0.3
  resolution: "has@npm:1.0.3"
  dependencies:
    function-bind: "npm:^1.1.1"
  checksum: 10/a449f3185b1d165026e8d25f6a8c3390bd25c201ff4b8c1aaf948fc6a5fcfd6507310b8c00c13a3325795ea9791fcc3d79d61eafa313b5750438fc19183df57b
  languageName: node
  linkType: hard

"indent-string@npm:^4.0.0":
  version: 4.0.0
  resolution: "indent-string@npm:4.0.0"
  checksum: 10/cd3f5cbc9ca2d624c6a1f53f12e6b341659aba0e2d3254ae2b4464aaea8b4294cdb09616abbc59458f980531f2429784ed6a420d48d245bcad0811980c9efae9
  languageName: node
  linkType: hard

"internal-slot@npm:^1.0.4":
  version: 1.0.5
  resolution: "internal-slot@npm:1.0.5"
  dependencies:
    get-intrinsic: "npm:^1.2.0"
    has: "npm:^1.0.3"
    side-channel: "npm:^1.0.4"
  checksum: 10/e2eb5b348e427957dd4092cb57b9374a2cbcabbf61e5e5b4d99cb68eeaae29394e8efd79f23dc2b1831253346f3c16b82010737b84841225e934d80d04d68643
  languageName: node
  linkType: hard

"is-arguments@npm:^1.1.1":
  version: 1.1.1
  resolution: "is-arguments@npm:1.1.1"
  dependencies:
    call-bind: "npm:^1.0.2"
    has-tostringtag: "npm:^1.0.0"
  checksum: 10/a170c7e26082e10de9be6e96d32ae3db4d5906194051b792e85fae3393b53cf2cb5b3557863e5c8ccbab55e2fd8f2f75aa643d437613f72052cf0356615c34be
  languageName: node
  linkType: hard

"is-array-buffer@npm:^3.0.1":
  version: 3.0.2
  resolution: "is-array-buffer@npm:3.0.2"
  dependencies:
    call-bind: "npm:^1.0.2"
    get-intrinsic: "npm:^1.2.0"
    is-typed-array: "npm:^1.1.10"
  checksum: 10/dcac9dda66ff17df9cabdc58214172bf41082f956eab30bb0d86bc0fab1e44b690fc8e1f855cf2481245caf4e8a5a006a982a71ddccec84032ed41f9d8da8c14
  languageName: node
  linkType: hard

"is-arrayish@npm:^0.3.1":
  version: 0.3.2
  resolution: "is-arrayish@npm:0.3.2"
  checksum: 10/81a78d518ebd8b834523e25d102684ee0f7e98637136d3bdc93fd09636350fa06f1d8ca997ea28143d4d13cb1b69c0824f082db0ac13e1ab3311c10ffea60ade
  languageName: node
  linkType: hard

"is-bigint@npm:^1.0.1":
  version: 1.0.4
  resolution: "is-bigint@npm:1.0.4"
  dependencies:
    has-bigints: "npm:^1.0.1"
  checksum: 10/cc981cf0564c503aaccc1e5f39e994ae16ae2d1a8fcd14721f14ad431809071f39ec568cfceef901cff408045f1a6d6bac90d1b43eeb0b8e3bc34c8eb1bdb4c4
  languageName: node
  linkType: hard

"is-boolean-object@npm:^1.1.0":
  version: 1.1.2
  resolution: "is-boolean-object@npm:1.1.2"
  dependencies:
    call-bind: "npm:^1.0.2"
    has-tostringtag: "npm:^1.0.0"
  checksum: 10/ba794223b56a49a9f185e945eeeb6b7833b8ea52a335cec087d08196cf27b538940001615d3bb976511287cefe94e5907d55f00bb49580533f9ca9b4515fcc2e
  languageName: node
  linkType: hard

"is-callable@npm:^1.1.3":
  version: 1.2.7
  resolution: "is-callable@npm:1.2.7"
  checksum: 10/48a9297fb92c99e9df48706241a189da362bff3003354aea4048bd5f7b2eb0d823cd16d0a383cece3d76166ba16d85d9659165ac6fcce1ac12e6c649d66dbdb9
  languageName: node
  linkType: hard

"is-date-object@npm:^1.0.5":
  version: 1.0.5
  resolution: "is-date-object@npm:1.0.5"
  dependencies:
    has-tostringtag: "npm:^1.0.0"
  checksum: 10/cc80b3a4b42238fa0d358b9a6230dae40548b349e64a477cb7c5eff9b176ba194c11f8321daaf6dd157e44073e9b7fd01f87db1f14952a88d5657acdcd3a56e2
  languageName: node
  linkType: hard

"is-map@npm:^2.0.1, is-map@npm:^2.0.2":
  version: 2.0.2
  resolution: "is-map@npm:2.0.2"
  checksum: 10/60ba910f835f2eacb1fdf5b5a6c60fe1c702d012a7673e6546992bcc0c873f62ada6e13d327f9e48f1720d49c152d6cdecae1fa47a261ef3d247c3ce6f0e1d39
  languageName: node
  linkType: hard

"is-number-object@npm:^1.0.4":
  version: 1.0.7
  resolution: "is-number-object@npm:1.0.7"
  dependencies:
    has-tostringtag: "npm:^1.0.0"
  checksum: 10/8700dcf7f602e0a9625830541345b8615d04953655acbf5c6d379c58eb1af1465e71227e95d501343346e1d49b6f2d53cbc166b1fc686a7ec19151272df582f9
  languageName: node
  linkType: hard

"is-regex@npm:^1.1.4":
  version: 1.1.4
  resolution: "is-regex@npm:1.1.4"
  dependencies:
    call-bind: "npm:^1.0.2"
    has-tostringtag: "npm:^1.0.0"
  checksum: 10/36d9174d16d520b489a5e9001d7d8d8624103b387be300c50f860d9414556d0485d74a612fdafc6ebbd5c89213d947dcc6b6bff6b2312093f71ea03cbb19e564
  languageName: node
  linkType: hard

"is-set@npm:^2.0.1, is-set@npm:^2.0.2":
  version: 2.0.2
  resolution: "is-set@npm:2.0.2"
  checksum: 10/d89e82acdc7760993474f529e043f9c4a1d63ed4774d21cc2e331d0e401e5c91c27743cd7c889137028f6a742234759a4bd602368fbdbf0b0321994aefd5603f
  languageName: node
  linkType: hard

"is-shared-array-buffer@npm:^1.0.2":
  version: 1.0.2
  resolution: "is-shared-array-buffer@npm:1.0.2"
  dependencies:
    call-bind: "npm:^1.0.2"
  checksum: 10/23d82259d6cd6dbb7c4ff3e4efeff0c30dbc6b7f88698498c17f9821cb3278d17d2b6303a5341cbd638ab925a28f3f086a6c79b3df70ac986cc526c725d43b4f
  languageName: node
  linkType: hard

"is-string@npm:^1.0.5, is-string@npm:^1.0.7":
  version: 1.0.7
  resolution: "is-string@npm:1.0.7"
  dependencies:
    has-tostringtag: "npm:^1.0.0"
  checksum: 10/2bc292fe927493fb6dfc3338c099c3efdc41f635727c6ebccf704aeb2a27bca7acb9ce6fd34d103db78692b10b22111a8891de26e12bfa1c5e11e263c99d1fef
  languageName: node
  linkType: hard

"is-symbol@npm:^1.0.3":
  version: 1.0.4
  resolution: "is-symbol@npm:1.0.4"
  dependencies:
    has-symbols: "npm:^1.0.2"
  checksum: 10/a47dd899a84322528b71318a89db25c7ecdec73197182dad291df15ffea501e17e3c92c8de0bfb50e63402747399981a687b31c519971b1fa1a27413612be929
  languageName: node
  linkType: hard

"is-typed-array@npm:^1.1.10":
  version: 1.1.10
  resolution: "is-typed-array@npm:1.1.10"
  dependencies:
    available-typed-arrays: "npm:^1.0.5"
    call-bind: "npm:^1.0.2"
    for-each: "npm:^0.3.3"
    gopd: "npm:^1.0.1"
    has-tostringtag: "npm:^1.0.0"
  checksum: 10/2392b2473bbc994f5c30d6848e32bab3cab6c80b795aaec3020baf5419ff7df38fc11b3a043eb56d50f842394c578dbb204a7a29398099f895cf111c5b27f327
  languageName: node
  linkType: hard

"is-weakmap@npm:^2.0.1":
  version: 2.0.1
  resolution: "is-weakmap@npm:2.0.1"
  checksum: 10/289fa4e8ba1bdda40ca78481266f6925b7c46a85599e6a41a77010bf91e5a24dfb660db96863bbf655ecdbda0ab517204d6a4e0c151dbec9d022c556321f3776
  languageName: node
  linkType: hard

"is-weakset@npm:^2.0.1":
  version: 2.0.2
  resolution: "is-weakset@npm:2.0.2"
  dependencies:
    call-bind: "npm:^1.0.2"
    get-intrinsic: "npm:^1.1.1"
  checksum: 10/8f2ddb9639716fd7936784e175ea1183c5c4c05274c34f34f6a53175313cb1c9c35a8b795623306995e2f7cc8f25aa46302f15a2113e51c5052d447be427195c
  languageName: node
  linkType: hard

"isarray@npm:^2.0.5":
  version: 2.0.5
  resolution: "isarray@npm:2.0.5"
  checksum: 10/1d8bc7911e13bb9f105b1b3e0b396c787a9e63046af0b8fe0ab1414488ab06b2b099b87a2d8a9e31d21c9a6fad773c7fc8b257c4880f2d957274479d28ca3414
  languageName: node
  linkType: hard

"js-tokens@npm:^4.0.0":
  version: 4.0.0
  resolution: "js-tokens@npm:4.0.0"
  checksum: 10/af37d0d913fb56aec6dc0074c163cc71cd23c0b8aad5c2350747b6721d37ba118af35abdd8b33c47ec2800de07dedb16a527ca9c530ee004093e04958bd0cbf2
  languageName: node
  linkType: hard

"lodash@npm:^4.17.21":
  version: 4.17.21
  resolution: "lodash@npm:4.17.21"
  checksum: 10/c08619c038846ea6ac754abd6dd29d2568aa705feb69339e836dfa8d8b09abbb2f859371e86863eda41848221f9af43714491467b5b0299122431e202bb0c532
  languageName: node
  linkType: hard

"lz-string@npm:^1.5.0":
  version: 1.5.0
  resolution: "lz-string@npm:1.5.0"
  bin:
    lz-string: bin/bin.js
  checksum: 10/e86f0280e99a8d8cd4eef24d8601ddae15ce54e43ac9990dfcb79e1e081c255ad24424a30d78d2ad8e51a8ce82a66a930047fed4b4aa38c6f0b392ff9300edfc
  languageName: node
  linkType: hard

"min-indent@npm:^1.0.0":
  version: 1.0.1
  resolution: "min-indent@npm:1.0.1"
  checksum: 10/bfc6dd03c5eaf623a4963ebd94d087f6f4bbbfd8c41329a7f09706b0cb66969c4ddd336abeb587bc44bc6f08e13bf90f0b374f9d71f9f01e04adc2cd6f083ef1
  languageName: node
  linkType: hard

"nanoid@npm:^3.3.6":
  version: 3.3.11
  resolution: "nanoid@npm:3.3.11"
  bin:
    nanoid: bin/nanoid.cjs
  checksum: 10/73b5afe5975a307aaa3c95dfe3334c52cdf9ae71518176895229b8d65ab0d1c0417dd081426134eb7571c055720428ea5d57c645138161e7d10df80815527c48
  languageName: node
  linkType: hard

"next@npm:15.3.5":
  version: 15.3.5
  resolution: "next@npm:15.3.5"
  dependencies:
    "@next/env": "npm:15.3.5"
    "@next/swc-darwin-arm64": "npm:15.3.5"
    "@next/swc-darwin-x64": "npm:15.3.5"
    "@next/swc-linux-arm64-gnu": "npm:15.3.5"
    "@next/swc-linux-arm64-musl": "npm:15.3.5"
    "@next/swc-linux-x64-gnu": "npm:15.3.5"
    "@next/swc-linux-x64-musl": "npm:15.3.5"
    "@next/swc-win32-arm64-msvc": "npm:15.3.5"
    "@next/swc-win32-x64-msvc": "npm:15.3.5"
    "@swc/counter": "npm:0.1.3"
    "@swc/helpers": "npm:0.5.15"
    busboy: "npm:1.6.0"
    caniuse-lite: "npm:^1.0.30001579"
    postcss: "npm:8.4.31"
    sharp: "npm:^0.34.1"
    styled-jsx: "npm:5.1.6"
  peerDependencies:
    "@opentelemetry/api": ^1.1.0
    "@playwright/test": ^1.41.2
    babel-plugin-react-compiler: "*"
    react: ^18.2.0 || 19.0.0-rc-de68d2f4-20241204 || ^19.0.0
    react-dom: ^18.2.0 || 19.0.0-rc-de68d2f4-20241204 || ^19.0.0
    sass: ^1.3.0
  dependenciesMeta:
    "@next/swc-darwin-arm64":
      optional: true
    "@next/swc-darwin-x64":
      optional: true
    "@next/swc-linux-arm64-gnu":
      optional: true
    "@next/swc-linux-arm64-musl":
      optional: true
    "@next/swc-linux-x64-gnu":
      optional: true
    "@next/swc-linux-x64-musl":
      optional: true
    "@next/swc-win32-arm64-msvc":
      optional: true
    "@next/swc-win32-x64-msvc":
      optional: true
    sharp:
      optional: true
  peerDependenciesMeta:
    "@opentelemetry/api":
      optional: true
    "@playwright/test":
      optional: true
    babel-plugin-react-compiler:
      optional: true
    sass:
      optional: true
  bin:
    next: dist/bin/next
  checksum: 10/21db3196b8b13fa39f9de322a9ee46a193046dbac965d6b54a4d16304aa985e922788a6883220099e5ffba0d925d760d431f5f80e4566b5e44b4153b484b2e33
  languageName: node
  linkType: hard

"object-inspect@npm:^1.9.0":
  version: 1.12.3
  resolution: "object-inspect@npm:1.12.3"
  checksum: 10/532b0036f0472f561180fac0d04fe328ee01f57637624c83fb054f81b5bfe966cdf4200612a499ed391a7ca3c46b20a0bc3a55fc8241d944abe687c556a32b39
  languageName: node
  linkType: hard

"object-is@npm:^1.1.5":
  version: 1.1.5
  resolution: "object-is@npm:1.1.5"
  dependencies:
    call-bind: "npm:^1.0.2"
    define-properties: "npm:^1.1.3"
  checksum: 10/75365aff5da4bebad5d20efd9f9a7a13597e603f5eb03d89da8f578c3f3937fe01c6cb5fce86c0611c48795c0841401fd37c943821db0de703c7b30a290576ad
  languageName: node
  linkType: hard

"object-keys@npm:^1.1.1":
  version: 1.1.1
  resolution: "object-keys@npm:1.1.1"
  checksum: 10/3d81d02674115973df0b7117628ea4110d56042e5326413e4b4313f0bcdf7dd78d4a3acef2c831463fa3796a66762c49daef306f4a0ea1af44877d7086d73bde
  languageName: node
  linkType: hard

"object.assign@npm:^4.1.4":
  version: 4.1.4
  resolution: "object.assign@npm:4.1.4"
  dependencies:
    call-bind: "npm:^1.0.2"
    define-properties: "npm:^1.1.4"
    has-symbols: "npm:^1.0.3"
    object-keys: "npm:^1.1.1"
  checksum: 10/fd82d45289df0a952d772817622ecbaeb4ec933d3abb53267aede083ee38f6a395af8fadfbc569ee575115b0b7c9b286e7cfb2b7a2557b1055f7acbce513bc29
  languageName: node
  linkType: hard

"picocolors@npm:^1.0.0":
  version: 1.0.0
  resolution: "picocolors@npm:1.0.0"
  checksum: 10/a2e8092dd86c8396bdba9f2b5481032848525b3dc295ce9b57896f931e63fc16f79805144321f72976383fc249584672a75cc18d6777c6b757603f372f745981
  languageName: node
  linkType: hard

"picocolors@npm:^1.1.1":
  version: 1.1.1
  resolution: "picocolors@npm:1.1.1"
  checksum: 10/e1cf46bf84886c79055fdfa9dcb3e4711ad259949e3565154b004b260cd356c5d54b31a1437ce9782624bf766272fe6b0154f5f0c744fb7af5d454d2b60db045
  languageName: node
  linkType: hard

"postcss@npm:8.4.31":
  version: 8.4.31
  resolution: "postcss@npm:8.4.31"
  dependencies:
    nanoid: "npm:^3.3.6"
    picocolors: "npm:^1.0.0"
    source-map-js: "npm:^1.0.2"
  checksum: 10/1a6653e72105907377f9d4f2cd341d8d90e3fde823a5ddea1e2237aaa56933ea07853f0f2758c28892a1d70c53bbaca200eb8b80f8ed55f13093003dbec5afa0
  languageName: node
  linkType: hard

"pretty-format@npm:^27.0.2":
  version: 27.5.1
  resolution: "pretty-format@npm:27.5.1"
  dependencies:
    ansi-regex: "npm:^5.0.1"
    ansi-styles: "npm:^5.0.0"
    react-is: "npm:^17.0.1"
  checksum: 10/248990cbef9e96fb36a3e1ae6b903c551ca4ddd733f8d0912b9cc5141d3d0b3f9f8dfb4d799fb1c6723382c9c2083ffbfa4ad43ff9a0e7535d32d41fd5f01da6
  languageName: node
  linkType: hard

"react-dom@npm:19.1.0":
  version: 19.1.0
  resolution: "react-dom@npm:19.1.0"
  dependencies:
    scheduler: "npm:^0.26.0"
  peerDependencies:
    react: ^19.1.0
  checksum: 10/c5b58605862c7b0bb044416b01c73647bb8e89717fb5d7a2c279b11815fb7b49b619fe685c404e59f55eb52c66831236cc565c25ee1c2d042739f4a2cc538aa2
  languageName: node
  linkType: hard

"react-is@npm:^17.0.1":
  version: 17.0.2
  resolution: "react-is@npm:17.0.2"
  checksum: 10/73b36281e58eeb27c9cc6031301b6ae19ecdc9f18ae2d518bdb39b0ac564e65c5779405d623f1df9abf378a13858b79442480244bd579968afc1faf9a2ce5e05
  languageName: node
  linkType: hard

"react@npm:19.1.0":
  version: 19.1.0
  resolution: "react@npm:19.1.0"
  checksum: 10/d0180689826fd9de87e839c365f6f361c561daea397d61d724687cae88f432a307d1c0f53a0ee95ddbe3352c10dac41d7ff1ad85530fb24951b27a39e5398db4
  languageName: node
  linkType: hard

"redent@npm:^3.0.0":
  version: 3.0.0
  resolution: "redent@npm:3.0.0"
  dependencies:
    indent-string: "npm:^4.0.0"
    strip-indent: "npm:^3.0.0"
  checksum: 10/fa1ef20404a2d399235e83cc80bd55a956642e37dd197b4b612ba7327bf87fa32745aeb4a1634b2bab25467164ab4ed9c15be2c307923dd08b0fe7c52431ae6b
  languageName: node
  linkType: hard

"regenerator-runtime@npm:^0.13.11":
  version: 0.13.11
  resolution: "regenerator-runtime@npm:0.13.11"
  checksum: 10/d493e9e118abef5b099c78170834f18540c4933cedf9bfabc32d3af94abfb59a7907bd7950259cbab0a929ebca7db77301e8024e5121e6482a82f78283dfd20c
  languageName: node
  linkType: hard

"regexp.prototype.flags@npm:^1.4.3":
  version: 1.4.3
  resolution: "regexp.prototype.flags@npm:1.4.3"
  dependencies:
    call-bind: "npm:^1.0.2"
    define-properties: "npm:^1.1.3"
    functions-have-names: "npm:^1.2.2"
  checksum: 10/3cde7cd22f0cf9d04db0b77c825b14824c6e7d2ec77e17e8dba707ad1b3c70bb3f2ac5b4cad3c0932045ba61cb2fd1b8ef84a49140e952018bdae065cc001670
  languageName: node
  linkType: hard

"rick-and-morty-web@workspace:.":
  version: 0.0.0-use.local
  resolution: "rick-and-morty-web@workspace:."
  dependencies:
    "@testing-library/dom": "npm:^10.4.0"
    "@testing-library/jest-dom": "npm:^6.6.3"
    "@testing-library/react": "npm:^16.3.0"
    "@types/node": "npm:24.0.10"
    "@types/react": "npm:19.1.8"
    "@types/react-dom": "npm:19.1.6"
    next: "npm:15.3.5"
    react: "npm:19.1.0"
    react-dom: "npm:19.1.0"
    typescript: "npm:5.8.3"
  languageName: unknown
  linkType: soft

"scheduler@npm:^0.26.0":
  version: 0.26.0
  resolution: "scheduler@npm:0.26.0"
  checksum: 10/1ecf2e5d7de1a7a132796834afe14a2d589ba7e437615bd8c06f3e0786a3ac3434655e67aac8755d9b14e05754c177e49c064261de2673aaa3c926bc98caa002
  languageName: node
  linkType: hard

"semver@npm:^7.7.2":
  version: 7.7.2
  resolution: "semver@npm:7.7.2"
  bin:
    semver: bin/semver.js
  checksum: 10/7a24cffcaa13f53c09ce55e05efe25cd41328730b2308678624f8b9f5fc3093fc4d189f47950f0b811ff8f3c3039c24a2c36717ba7961615c682045bf03e1dda
  languageName: node
  linkType: hard

"sharp@npm:^0.34.1":
  version: 0.34.2
  resolution: "sharp@npm:0.34.2"
  dependencies:
    "@img/sharp-darwin-arm64": "npm:0.34.2"
    "@img/sharp-darwin-x64": "npm:0.34.2"
    "@img/sharp-libvips-darwin-arm64": "npm:1.1.0"
    "@img/sharp-libvips-darwin-x64": "npm:1.1.0"
    "@img/sharp-libvips-linux-arm": "npm:1.1.0"
    "@img/sharp-libvips-linux-arm64": "npm:1.1.0"
    "@img/sharp-libvips-linux-ppc64": "npm:1.1.0"
    "@img/sharp-libvips-linux-s390x": "npm:1.1.0"
    "@img/sharp-libvips-linux-x64": "npm:1.1.0"
    "@img/sharp-libvips-linuxmusl-arm64": "npm:1.1.0"
    "@img/sharp-libvips-linuxmusl-x64": "npm:1.1.0"
    "@img/sharp-linux-arm": "npm:0.34.2"
    "@img/sharp-linux-arm64": "npm:0.34.2"
    "@img/sharp-linux-s390x": "npm:0.34.2"
    "@img/sharp-linux-x64": "npm:0.34.2"
    "@img/sharp-linuxmusl-arm64": "npm:0.34.2"
    "@img/sharp-linuxmusl-x64": "npm:0.34.2"
    "@img/sharp-wasm32": "npm:0.34.2"
    "@img/sharp-win32-arm64": "npm:0.34.2"
    "@img/sharp-win32-ia32": "npm:0.34.2"
    "@img/sharp-win32-x64": "npm:0.34.2"
    color: "npm:^4.2.3"
    detect-libc: "npm:^2.0.4"
    semver: "npm:^7.7.2"
  dependenciesMeta:
    "@img/sharp-darwin-arm64":
      optional: true
    "@img/sharp-darwin-x64":
      optional: true
    "@img/sharp-libvips-darwin-arm64":
      optional: true
    "@img/sharp-libvips-darwin-x64":
      optional: true
    "@img/sharp-libvips-linux-arm":
      optional: true
    "@img/sharp-libvips-linux-arm64":
      optional: true
    "@img/sharp-libvips-linux-ppc64":
      optional: true
    "@img/sharp-libvips-linux-s390x":
      optional: true
    "@img/sharp-libvips-linux-x64":
      optional: true
    "@img/sharp-libvips-linuxmusl-arm64":
      optional: true
    "@img/sharp-libvips-linuxmusl-x64":
      optional: true
    "@img/sharp-linux-arm":
      optional: true
    "@img/sharp-linux-arm64":
      optional: true
    "@img/sharp-linux-s390x":
      optional: true
    "@img/sharp-linux-x64":
      optional: true
    "@img/sharp-linuxmusl-arm64":
      optional: true
    "@img/sharp-linuxmusl-x64":
      optional: true
    "@img/sharp-wasm32":
      optional: true
    "@img/sharp-win32-arm64":
      optional: true
    "@img/sharp-win32-ia32":
      optional: true
    "@img/sharp-win32-x64":
      optional: true
  checksum: 10/8c7a6f20d58849a6e33bc69c4525f471d57eb3dea0072331b55ab12bae4b8bd8b99b65264aeaec38e54d52d692db13e3261f6e7bc29430b39b507c409838cbb0
  languageName: node
  linkType: hard

"side-channel@npm:^1.0.4":
  version: 1.0.4
  resolution: "side-channel@npm:1.0.4"
  dependencies:
    call-bind: "npm:^1.0.0"
    get-intrinsic: "npm:^1.0.2"
    object-inspect: "npm:^1.9.0"
  checksum: 10/c4998d9fc530b0e75a7fd791ad868fdc42846f072734f9080ff55cc8dc7d3899abcda24fd896aa6648c3ab7021b4bb478073eb4f44dfd55bce9714bc1a7c5d45
  languageName: node
  linkType: hard

"simple-swizzle@npm:^0.2.2":
  version: 0.2.2
  resolution: "simple-swizzle@npm:0.2.2"
  dependencies:
    is-arrayish: "npm:^0.3.1"
  checksum: 10/c6dffff17aaa383dae7e5c056fbf10cf9855a9f79949f20ee225c04f06ddde56323600e0f3d6797e82d08d006e93761122527438ee9531620031c08c9e0d73cc
  languageName: node
  linkType: hard

"source-map-js@npm:^1.0.2":
  version: 1.0.2
  resolution: "source-map-js@npm:1.0.2"
  checksum: 10/38e2d2dd18d2e331522001fc51b54127ef4a5d473f53b1349c5cca2123562400e0986648b52e9407e348eaaed53bce49248b6e2641e6d793ca57cb2c360d6d51
  languageName: node
  linkType: hard

"stop-iteration-iterator@npm:^1.0.0":
  version: 1.0.0
  resolution: "stop-iteration-iterator@npm:1.0.0"
  dependencies:
    internal-slot: "npm:^1.0.4"
  checksum: 10/2a23a36f4f6bfa63f46ae2d53a3f80fe8276110b95a55345d8ed3d92125413494033bc8697eb774e8f7aeb5725f70e3d69753caa2ecacdac6258c16fa8aa8b0f
  languageName: node
  linkType: hard

"streamsearch@npm:^1.1.0":
  version: 1.1.0
  resolution: "streamsearch@npm:1.1.0"
  checksum: 10/612c2b2a7dbcc859f74597112f80a42cbe4d448d03da790d5b7b39673c1197dd3789e91cd67210353e58857395d32c1e955a9041c4e6d5bae723436b3ed9ed14
  languageName: node
  linkType: hard

"strip-indent@npm:^3.0.0":
  version: 3.0.0
  resolution: "strip-indent@npm:3.0.0"
  dependencies:
    min-indent: "npm:^1.0.0"
  checksum: 10/18f045d57d9d0d90cd16f72b2313d6364fd2cb4bf85b9f593523ad431c8720011a4d5f08b6591c9d580f446e78855c5334a30fb91aa1560f5d9f95ed1b4a0530
  languageName: node
  linkType: hard

"styled-jsx@npm:5.1.6":
  version: 5.1.6
  resolution: "styled-jsx@npm:5.1.6"
  dependencies:
    client-only: "npm:0.0.1"
  peerDependencies:
    react: ">= 16.8.0 || 17.x.x || ^18.0.0-0 || ^19.0.0-0"
  peerDependenciesMeta:
    "@babel/core":
      optional: true
    babel-plugin-macros:
      optional: true
  checksum: 10/ba01200e8227fe1441a719c2e7da96c8aa7ef61d14211d1500e1abce12efa118479bcb6e7e12beecb9e1db76432caad2f4e01bbc0c9be21c134b088a4ca5ffe0
  languageName: node
  linkType: hard

"supports-color@npm:^7.1.0":
  version: 7.2.0
  resolution: "supports-color@npm:7.2.0"
  dependencies:
    has-flag: "npm:^4.0.0"
  checksum: 10/c8bb7afd564e3b26b50ca6ee47572c217526a1389fe018d00345856d4a9b08ffbd61fadaf283a87368d94c3dcdb8f5ffe2650a5a65863e21ad2730ca0f05210a
  languageName: node
  linkType: hard

"tslib@npm:^2.4.0":
  version: 2.5.0
  resolution: "tslib@npm:2.5.0"
  checksum: 10/ea556fbdf396fe15dbd45e242754e86e7c36e0dce8644404a7c8a81ae1e940744dc639569aeca1ae370a7f804d82872f3fd8564eb23be9adb7618201d0314dac
  languageName: node
  linkType: hard

"tslib@npm:^2.8.0":
  version: 2.8.1
  resolution: "tslib@npm:2.8.1"
  checksum: 10/3e2e043d5c2316461cb54e5c7fe02c30ef6dccb3384717ca22ae5c6b5bc95232a6241df19c622d9c73b809bea33b187f6dbc73030963e29950c2141bc32a79f7
  languageName: node
  linkType: hard

"typescript@npm:5.8.3":
  version: 5.8.3
  resolution: "typescript@npm:5.8.3"
  bin:
    tsc: bin/tsc
    tsserver: bin/tsserver
  checksum: 10/65c40944c51b513b0172c6710ee62e951b70af6f75d5a5da745cb7fab132c09ae27ffdf7838996e3ed603bb015dadd099006658046941bd0ba30340cc563ae92
  languageName: node
  linkType: hard

"typescript@patch:typescript@npm%3A5.8.3#optional!builtin<compat/typescript>":
  version: 5.8.3
  resolution: "typescript@patch:typescript@npm%3A5.8.3#optional!builtin<compat/typescript>::version=5.8.3&hash=5786d5"
  bin:
    tsc: bin/tsc
    tsserver: bin/tsserver
  checksum: 10/b9b1e73dabac5dc730c041325dbd9c99467c1b0d239f1b74ec3b90d831384af3e2ba973946232df670519147eb51a2c20f6f96163cea2b359f03de1e2091cc4f
  languageName: node
  linkType: hard

"undici-types@npm:~7.8.0":
  version: 7.8.0
  resolution: "undici-types@npm:7.8.0"
  checksum: 10/fcff3fbab234f067fbd69e374ee2c198ba74c364ceaf6d93db7ca267e784457b5518cd01d0d2329b075f412574205ea3172a9a675facb49b4c9efb7141cd80b7
  languageName: node
  linkType: hard

"which-boxed-primitive@npm:^1.0.2":
  version: 1.0.2
  resolution: "which-boxed-primitive@npm:1.0.2"
  dependencies:
    is-bigint: "npm:^1.0.1"
    is-boolean-object: "npm:^1.1.0"
    is-number-object: "npm:^1.0.4"
    is-string: "npm:^1.0.5"
    is-symbol: "npm:^1.0.3"
  checksum: 10/9c7ca7855255f25ac47f4ce8b59c4cc33629e713fd7a165c9d77a2bb47bf3d9655a5664660c70337a3221cf96742f3589fae15a3a33639908d33e29aa2941efb
  languageName: node
  linkType: hard

"which-collection@npm:^1.0.1":
  version: 1.0.1
  resolution: "which-collection@npm:1.0.1"
  dependencies:
    is-map: "npm:^2.0.1"
    is-set: "npm:^2.0.1"
    is-weakmap: "npm:^2.0.1"
    is-weakset: "npm:^2.0.1"
  checksum: 10/85c95fcf92df7972ce66bed879e53d9dc752a30ef08e1ca4696df56bcf1c302e3b9965a39b04a20fa280a997fad6c170eb0b4d62435569b7f6c0bc7be910572b
  languageName: node
  linkType: hard

"which-typed-array@npm:^1.1.9":
  version: 1.1.9
  resolution: "which-typed-array@npm:1.1.9"
  dependencies:
    available-typed-arrays: "npm:^1.0.5"
    call-bind: "npm:^1.0.2"
    for-each: "npm:^0.3.3"
    gopd: "npm:^1.0.1"
    has-tostringtag: "npm:^1.0.0"
    is-typed-array: "npm:^1.1.10"
  checksum: 10/90ef760a09dcffc479138a6bc77fd2933a81a41d531f4886ae212f6edb54a0645a43a6c24de2c096aea910430035ac56b3d22a06f3d64e5163fa178d0f24e08e
  languageName: node
  linkType: hard
